
Microsoft Visual Studio Solution File, Format Version 12.00
# Visual Studio Version 17
VisualStudioVersion = 17.1.32210.238
MinimumVisualStudioVersion = 10.0.40219.1
Project("{FAE04EC0-301F-11D3-BF4B-00C04F79EFBC}") = "Common", "AdventOfCode.CommonB\Common.csproj", "{D95573DD-AF57-477E-A153-B38E5CE8374B}"
EndProject
Project("{FAE04EC0-301F-11D3-BF4B-00C04F79EFBC}") = "Year2021", "Year2021\Year2021.csproj", "{7B4DC9DB-2C93-4D55-89F3-89CB74F5385B}"
EndProject
Project("{FAE04EC0-301F-11D3-BF4B-00C04F79EFBC}") = "Year2020", "Year2020\Year2020.csproj", "{8B57955D-E8C9-42C9-8737-7EB4AEBB748E}"
EndProject
Project("{FAE04EC0-301F-11D3-BF4B-00C04F79EFBC}") = "Runner", "Runner\Runner.csproj", "{24F5D629-CB02-4154-8474-584FB1F3A74E}"
EndProject
Global
	GlobalSection(SolutionConfigurationPlatforms) = preSolution
		Debug|Any CPU = Debug|Any CPU
		Release|Any CPU = Release|Any CPU
	EndGlobalSection
	GlobalSection(ProjectConfigurationPlatforms) = postSolution
		{D95573DD-AF57-477E-A153-B38E5CE8374B}.Debug|Any CPU.ActiveCfg = Debug|Any CPU
		{D95573DD-AF57-477E-A153-B38E5CE8374B}.Debug|Any CPU.Build.0 = Debug|Any CPU
		{D95573DD-AF57-477E-A153-B38E5CE8374B}.Release|Any CPU.ActiveCfg = Release|Any CPU
		{D95573DD-AF57-477E-A153-B38E5CE8374B}.Release|Any CPU.Build.0 = Release|Any CPU
		{7B4DC9DB-2C93-4D55-89F3-89CB74F5385B}.Debug|Any CPU.ActiveCfg = Debug|Any CPU
		{7B4DC9DB-2C93-4D55-89F3-89CB74F5385B}.Debug|Any CPU.Build.0 = Debug|Any CPU
		{7B4DC9DB-2C93-4D55-89F3-89CB74F5385B}.Release|Any CPU.ActiveCfg = Release|Any CPU
		{7B4DC9DB-2C93-4D55-89F3-89CB74F5385B}.Release|Any CPU.Build.0 = Release|Any CPU
		{8B57955D-E8C9-42C9-8737-7EB4AEBB748E}.Debug|Any CPU.ActiveCfg = Debug|Any CPU
		{8B57955D-E8C9-42C9-8737-7EB4AEBB748E}.Debug|Any CPU.Build.0 = Debug|Any CPU
		{8B57955D-E8C9-42C9-8737-7EB4AEBB748E}.Release|Any CPU.ActiveCfg = Release|Any CPU
		{8B57955D-E8C9-42C9-8737-7EB4AEBB748E}.Release|Any CPU.Build.0 = Release|Any CPU
		{24F5D629-CB02-4154-8474-584FB1F3A74E}.Debug|Any CPU.ActiveCfg = Debug|Any CPU
		{24F5D629-CB02-4154-8474-584FB1F3A74E}.Debug|Any CPU.Build.0 = Debug|Any CPU
		{24F5D629-CB02-4154-8474-584FB1F3A74E}.Release|Any CPU.ActiveCfg = Release|Any CPU
		{24F5D629-CB02-4154-8474-584FB1F3A74E}.Release|Any CPU.Build.0 = Release|Any CPU
	EndGlobalSection
	GlobalSection(SolutionProperties) = preSolution
		HideSolutionNode = FALSE
	EndGlobalSection
	GlobalSection(ExtensibilityGlobals) = postSolution
		SolutionGuid = {2245E485-A3B4-4511-809B-3C3A03F3C08C}
	EndGlobalSection
EndGlobal
