
Microsoft Visual Studio Solution File, Format Version 12.00
# Visual Studio Version 16
VisualStudioVersion = 16.0.31624.102
MinimumVisualStudioVersion = 10.0.40219.1
Project("{FAE04EC0-301F-11D3-BF4B-00C04F79EFBC}") = "GameRunner", "GameRunner\GameRunner.csproj", "{8265DE4F-991E-4CEE-B9B6-7C3C0B1CEBC8}"
EndProject
Project("{FAE04EC0-301F-11D3-BF4B-00C04F79EFBC}") = "Common", "Common\Common.csproj", "{267EAC40-4DF1-40E7-90A6-46814218E4C2}"
EndProject
Project("{FAE04EC0-301F-11D3-BF4B-00C04F79EFBC}") = "Year2020", "Year2020\Year2020.csproj", "{CDA162A9-45C3-4C07-8686-CB526A54F162}"
EndProject
Project("{FAE04EC0-301F-11D3-BF4B-00C04F79EFBC}") = "Year2021", "Year2021\Year2021.csproj", "{AF62A1B0-7A02-4AC2-AB8A-FB943B01B733}"
EndProject
Project("{FAE04EC0-301F-11D3-BF4B-00C04F79EFBC}") = "Year2020Tests", "Year2020Tests\Year2020Tests.csproj", "{47C66B2F-42E9-47EA-BA2D-0345353CBC48}"
EndProject
Project("{FAE04EC0-301F-11D3-BF4B-00C04F79EFBC}") = "Year2021Tests", "Year2021Tests\Year2021Tests.csproj", "{CAB73880-7978-4DB1-B141-62FCA5F40D1C}"
EndProject
Project("{2150E333-8FDC-42A3-9474-1A3956D46DE8}") = "Tests", "Tests", "{8C7C6983-EAE3-4BB6-A69A-822ECABD4673}"
EndProject
Project("{FAE04EC0-301F-11D3-BF4B-00C04F79EFBC}") = "Year2022", "Year2022\Year2022.csproj", "{A1B3553D-4673-4DDE-8DCF-BA92B1A3476E}"
EndProject
Project("{FAE04EC0-301F-11D3-BF4B-00C04F79EFBC}") = "Year2022Tests", "Year2022Tests\Year2022Tests.csproj", "{40509849-6AB9-4D3B-96E7-7585FEA07F03}"
EndProject
Project("{FAE04EC0-301F-11D3-BF4B-00C04F79EFBC}") = "Year2023", "Year2023\Year2023.csproj", "{4C240AD8-4279-4483-8D92-EC19F6ED6C50}"
EndProject
Project("{FAE04EC0-301F-11D3-BF4B-00C04F79EFBC}") = "Year2023Tests", "Year2023Tests\Year2023Tests.csproj", "{8BE4DC98-906D-4AE2-A21F-A86759BF32B6}"
EndProject
Project("{FAE04EC0-301F-11D3-BF4B-00C04F79EFBC}") = "Year2024", "Year2024\Year2024.csproj", "{D3BFB800-8BC8-4297-A7FC-501EF96E3121}"
EndProject
Project("{FAE04EC0-301F-11D3-BF4B-00C04F79EFBC}") = "Year2024Tests", "Year2024Tests\Year2024Tests.csproj", "{79339806-5972-4B1B-8B39-F53757FE10A4}"
EndProject
Global
	GlobalSection(SolutionConfigurationPlatforms) = preSolution
		Debug|Any CPU = Debug|Any CPU
		Release|Any CPU = Release|Any CPU
	EndGlobalSection
	GlobalSection(ProjectConfigurationPlatforms) = postSolution
		{8265DE4F-991E-4CEE-B9B6-7C3C0B1CEBC8}.Debug|Any CPU.ActiveCfg = Debug|Any CPU
		{8265DE4F-991E-4CEE-B9B6-7C3C0B1CEBC8}.Debug|Any CPU.Build.0 = Debug|Any CPU
		{8265DE4F-991E-4CEE-B9B6-7C3C0B1CEBC8}.Release|Any CPU.ActiveCfg = Release|Any CPU
		{8265DE4F-991E-4CEE-B9B6-7C3C0B1CEBC8}.Release|Any CPU.Build.0 = Release|Any CPU
		{267EAC40-4DF1-40E7-90A6-46814218E4C2}.Debug|Any CPU.ActiveCfg = Debug|Any CPU
		{267EAC40-4DF1-40E7-90A6-46814218E4C2}.Debug|Any CPU.Build.0 = Debug|Any CPU
		{267EAC40-4DF1-40E7-90A6-46814218E4C2}.Release|Any CPU.ActiveCfg = Release|Any CPU
		{267EAC40-4DF1-40E7-90A6-46814218E4C2}.Release|Any CPU.Build.0 = Release|Any CPU
		{CDA162A9-45C3-4C07-8686-CB526A54F162}.Debug|Any CPU.ActiveCfg = Debug|Any CPU
		{CDA162A9-45C3-4C07-8686-CB526A54F162}.Debug|Any CPU.Build.0 = Debug|Any CPU
		{CDA162A9-45C3-4C07-8686-CB526A54F162}.Release|Any CPU.ActiveCfg = Release|Any CPU
		{CDA162A9-45C3-4C07-8686-CB526A54F162}.Release|Any CPU.Build.0 = Release|Any CPU
		{AF62A1B0-7A02-4AC2-AB8A-FB943B01B733}.Debug|Any CPU.ActiveCfg = Debug|Any CPU
		{AF62A1B0-7A02-4AC2-AB8A-FB943B01B733}.Debug|Any CPU.Build.0 = Debug|Any CPU
		{AF62A1B0-7A02-4AC2-AB8A-FB943B01B733}.Release|Any CPU.ActiveCfg = Release|Any CPU
		{AF62A1B0-7A02-4AC2-AB8A-FB943B01B733}.Release|Any CPU.Build.0 = Release|Any CPU
		{47C66B2F-42E9-47EA-BA2D-0345353CBC48}.Debug|Any CPU.ActiveCfg = Debug|Any CPU
		{47C66B2F-42E9-47EA-BA2D-0345353CBC48}.Debug|Any CPU.Build.0 = Debug|Any CPU
		{47C66B2F-42E9-47EA-BA2D-0345353CBC48}.Release|Any CPU.ActiveCfg = Release|Any CPU
		{47C66B2F-42E9-47EA-BA2D-0345353CBC48}.Release|Any CPU.Build.0 = Release|Any CPU
		{CAB73880-7978-4DB1-B141-62FCA5F40D1C}.Debug|Any CPU.ActiveCfg = Debug|Any CPU
		{CAB73880-7978-4DB1-B141-62FCA5F40D1C}.Debug|Any CPU.Build.0 = Debug|Any CPU
		{CAB73880-7978-4DB1-B141-62FCA5F40D1C}.Release|Any CPU.ActiveCfg = Release|Any CPU
		{CAB73880-7978-4DB1-B141-62FCA5F40D1C}.Release|Any CPU.Build.0 = Release|Any CPU
		{A1B3553D-4673-4DDE-8DCF-BA92B1A3476E}.Debug|Any CPU.ActiveCfg = Debug|Any CPU
		{A1B3553D-4673-4DDE-8DCF-BA92B1A3476E}.Debug|Any CPU.Build.0 = Debug|Any CPU
		{A1B3553D-4673-4DDE-8DCF-BA92B1A3476E}.Release|Any CPU.ActiveCfg = Release|Any CPU
		{A1B3553D-4673-4DDE-8DCF-BA92B1A3476E}.Release|Any CPU.Build.0 = Release|Any CPU
		{40509849-6AB9-4D3B-96E7-7585FEA07F03}.Debug|Any CPU.ActiveCfg = Debug|Any CPU
		{40509849-6AB9-4D3B-96E7-7585FEA07F03}.Debug|Any CPU.Build.0 = Debug|Any CPU
		{40509849-6AB9-4D3B-96E7-7585FEA07F03}.Release|Any CPU.ActiveCfg = Release|Any CPU
		{40509849-6AB9-4D3B-96E7-7585FEA07F03}.Release|Any CPU.Build.0 = Release|Any CPU
		{4C240AD8-4279-4483-8D92-EC19F6ED6C50}.Debug|Any CPU.ActiveCfg = Debug|Any CPU
		{4C240AD8-4279-4483-8D92-EC19F6ED6C50}.Debug|Any CPU.Build.0 = Debug|Any CPU
		{4C240AD8-4279-4483-8D92-EC19F6ED6C50}.Release|Any CPU.ActiveCfg = Release|Any CPU
		{4C240AD8-4279-4483-8D92-EC19F6ED6C50}.Release|Any CPU.Build.0 = Release|Any CPU
		{8BE4DC98-906D-4AE2-A21F-A86759BF32B6}.Debug|Any CPU.ActiveCfg = Debug|Any CPU
		{8BE4DC98-906D-4AE2-A21F-A86759BF32B6}.Debug|Any CPU.Build.0 = Debug|Any CPU
		{8BE4DC98-906D-4AE2-A21F-A86759BF32B6}.Release|Any CPU.ActiveCfg = Release|Any CPU
		{8BE4DC98-906D-4AE2-A21F-A86759BF32B6}.Release|Any CPU.Build.0 = Release|Any CPU
		{D3BFB800-8BC8-4297-A7FC-501EF96E3121}.Debug|Any CPU.ActiveCfg = Debug|Any CPU
		{D3BFB800-8BC8-4297-A7FC-501EF96E3121}.Debug|Any CPU.Build.0 = Debug|Any CPU
		{D3BFB800-8BC8-4297-A7FC-501EF96E3121}.Release|Any CPU.ActiveCfg = Release|Any CPU
		{D3BFB800-8BC8-4297-A7FC-501EF96E3121}.Release|Any CPU.Build.0 = Release|Any CPU
		{79339806-5972-4B1B-8B39-F53757FE10A4}.Debug|Any CPU.ActiveCfg = Debug|Any CPU
		{79339806-5972-4B1B-8B39-F53757FE10A4}.Debug|Any CPU.Build.0 = Debug|Any CPU
		{79339806-5972-4B1B-8B39-F53757FE10A4}.Release|Any CPU.ActiveCfg = Release|Any CPU
		{79339806-5972-4B1B-8B39-F53757FE10A4}.Release|Any CPU.Build.0 = Release|Any CPU
	EndGlobalSection
	GlobalSection(SolutionProperties) = preSolution
		HideSolutionNode = FALSE
	EndGlobalSection
	GlobalSection(ExtensibilityGlobals) = postSolution
		SolutionGuid = {2245E485-A3B4-4511-809B-3C3A03F3C08C}
	EndGlobalSection
	GlobalSection(NestedProjects) = preSolution
		{47C66B2F-42E9-47EA-BA2D-0345353CBC48} = {8C7C6983-EAE3-4BB6-A69A-822ECABD4673}
		{CAB73880-7978-4DB1-B141-62FCA5F40D1C} = {8C7C6983-EAE3-4BB6-A69A-822ECABD4673}
		{40509849-6AB9-4D3B-96E7-7585FEA07F03} = {8C7C6983-EAE3-4BB6-A69A-822ECABD4673}
		{8BE4DC98-906D-4AE2-A21F-A86759BF32B6} = {8C7C6983-EAE3-4BB6-A69A-822ECABD4673}
		{79339806-5972-4B1B-8B39-F53757FE10A4} = {8C7C6983-EAE3-4BB6-A69A-822ECABD4673}
	EndGlobalSection
EndGlobal
